
Microsoft Visual Studio Solution File, Format Version 12.00
# Visual Studio Version 17
VisualStudioVersion = 17.8.34511.84
MinimumVisualStudioVersion = 10.0.40219.1
Project("{FAE04EC0-301F-11D3-BF4B-00C04F79EFBC}") = "App-MAUI", "App-MAUI\App-MAUI.csproj", "{D35786B1-8567-4715-9FDD-A6102A660E7A}"
EndProject
Global
	GlobalSection(SolutionConfigurationPlatforms) = preSolution
		Debug|Any CPU = Debug|Any CPU
		Release|Any CPU = Release|Any CPU
	EndGlobalSection
	GlobalSection(ProjectConfigurationPlatforms) = postSolution
		{D35786B1-8567-4715-9FDD-A6102A660E7A}.Debug|Any CPU.ActiveCfg = Debug|Any CPU
		{D35786B1-8567-4715-9FDD-A6102A660E7A}.Debug|Any CPU.Build.0 = Debug|Any CPU
		{D35786B1-8567-4715-9FDD-A6102A660E7A}.Debug|Any CPU.Deploy.0 = Debug|Any CPU
		{D35786B1-8567-4715-9FDD-A6102A660E7A}.Release|Any CPU.ActiveCfg = Release|Any CPU
		{D35786B1-8567-4715-9FDD-A6102A660E7A}.Release|Any CPU.Build.0 = Release|Any CPU
		{D35786B1-8567-4715-9FDD-A6102A660E7A}.Release|Any CPU.Deploy.0 = Release|Any CPU
	EndGlobalSection
	GlobalSection(SolutionProperties) = preSolution
		HideSolutionNode = FALSE
	EndGlobalSection
	GlobalSection(ExtensibilityGlobals) = postSolution
		SolutionGuid = {4AC93B93-624C-4DF5-AF78-29C32A8EABE9}
	EndGlobalSection
EndGlobal
